
Microsoft Visual Studio Solution File, Format Version 12.00
# Visual Studio 15
VisualStudioVersion = 15.0.28307.329
MinimumVisualStudioVersion = 10.0.40219.1
Project("{FAE04EC0-301F-11D3-BF4B-00C04F79EFBC}") = "Roulette.Android", "Roulette\Roulette.Android\Roulette.Android.csproj", "{680B6313-261A-48B6-AF20-7ECE840BB8D0}"
EndProject
Project("{FAE04EC0-301F-11D3-BF4B-00C04F79EFBC}") = "Roulette", "Roulette\Roulette\Roulette.csproj", "{8C1571BC-3D99-4F31-AB3B-065926A968D2}"
EndProject
Global
	GlobalSection(SolutionConfigurationPlatforms) = preSolution
		Debug|Any CPU = Debug|Any CPU
		Release|Any CPU = Release|Any CPU
	EndGlobalSection
	GlobalSection(ProjectConfigurationPlatforms) = postSolution
		{680B6313-261A-48B6-AF20-7ECE840BB8D0}.Debug|Any CPU.ActiveCfg = Debug|Any CPU
		{680B6313-261A-48B6-AF20-7ECE840BB8D0}.Debug|Any CPU.Build.0 = Debug|Any CPU
		{680B6313-261A-48B6-AF20-7ECE840BB8D0}.Debug|Any CPU.Deploy.0 = Debug|Any CPU
		{680B6313-261A-48B6-AF20-7ECE840BB8D0}.Release|Any CPU.ActiveCfg = Release|Any CPU
		{680B6313-261A-48B6-AF20-7ECE840BB8D0}.Release|Any CPU.Build.0 = Release|Any CPU
		{680B6313-261A-48B6-AF20-7ECE840BB8D0}.Release|Any CPU.Deploy.0 = Release|Any CPU
		{8C1571BC-3D99-4F31-AB3B-065926A968D2}.Debug|Any CPU.ActiveCfg = Debug|Any CPU
		{8C1571BC-3D99-4F31-AB3B-065926A968D2}.Debug|Any CPU.Build.0 = Debug|Any CPU
		{8C1571BC-3D99-4F31-AB3B-065926A968D2}.Debug|Any CPU.Deploy.0 = Debug|Any CPU
		{8C1571BC-3D99-4F31-AB3B-065926A968D2}.Release|Any CPU.ActiveCfg = Release|Any CPU
		{8C1571BC-3D99-4F31-AB3B-065926A968D2}.Release|Any CPU.Build.0 = Release|Any CPU
		{8C1571BC-3D99-4F31-AB3B-065926A968D2}.Release|Any CPU.Deploy.0 = Release|Any CPU
	EndGlobalSection
	GlobalSection(SolutionProperties) = preSolution
		HideSolutionNode = FALSE
	EndGlobalSection
	GlobalSection(ExtensibilityGlobals) = postSolution
		SolutionGuid = {907FD67C-A5D7-4ED9-AE7E-AD6EEF14A64A}
	EndGlobalSection
EndGlobal
